
Microsoft Visual Studio Solution File, Format Version 12.00
# Visual Studio 15
VisualStudioVersion = 15.0.27130.0
MinimumVisualStudioVersion = 10.0.40219.1
Project("{8BC9CEB8-8B4A-11D0-8D11-00A0C91BC942}") = "Human_Detection_for_Arbitrary_Poses", "Human_Detection_for_Arbitrary_Poses\Human_Detection_for_Arbitrary_Poses.vcxproj", "{A666F4EC-C107-4531-B70C-D5020C7EA20C}"
EndProject
Global
	GlobalSection(SolutionConfigurationPlatforms) = preSolution
		Debug|x64 = Debug|x64
		Debug|x86 = Debug|x86
		Release|x64 = Release|x64
		Release|x86 = Release|x86
	EndGlobalSection
	GlobalSection(ProjectConfigurationPlatforms) = postSolution
		{A666F4EC-C107-4531-B70C-D5020C7EA20C}.Debug|x64.ActiveCfg = Debug|x64
		{A666F4EC-C107-4531-B70C-D5020C7EA20C}.Debug|x64.Build.0 = Debug|x64
		{A666F4EC-C107-4531-B70C-D5020C7EA20C}.Debug|x86.ActiveCfg = Debug|x64
		{A666F4EC-C107-4531-B70C-D5020C7EA20C}.Debug|x86.Build.0 = Debug|x64
		{A666F4EC-C107-4531-B70C-D5020C7EA20C}.Release|x64.ActiveCfg = Release|x64
		{A666F4EC-C107-4531-B70C-D5020C7EA20C}.Release|x64.Build.0 = Release|x64
		{A666F4EC-C107-4531-B70C-D5020C7EA20C}.Release|x86.ActiveCfg = Release|Win32
		{A666F4EC-C107-4531-B70C-D5020C7EA20C}.Release|x86.Build.0 = Release|Win32
	EndGlobalSection
	GlobalSection(SolutionProperties) = preSolution
		HideSolutionNode = FALSE
	EndGlobalSection
	GlobalSection(ExtensibilityGlobals) = postSolution
		SolutionGuid = {CE6705A9-AD21-45ED-A6C3-A64551CA858C}
	EndGlobalSection
EndGlobal
